
Microsoft Visual Studio Solution File, Format Version 12.00
# Visual Studio Version 17
VisualStudioVersion = 17.10.35027.167
MinimumVisualStudioVersion = 10.0.40219.1
Project("{FAE04EC0-301F-11D3-BF4B-00C04F79EFBC}") = "vnvt_back_end.API", "src\vnvt_back_end.API\vnvt_back_end.API.csproj", "{6894CE9C-A6C5-013B-2B76-FA15D3610475}"
EndProject
Project("{FAE04EC0-301F-11D3-BF4B-00C04F79EFBC}") = "vnvt_back_end.Application", "src\vnvt_back_end.Application\vnvt_back_end.Application.csproj", "{4734A4CE-9883-A67E-0A49-9466097CA10B}"
EndProject
Project("{FAE04EC0-301F-11D3-BF4B-00C04F79EFBC}") = "vnvt_back_end.Core", "src\vnvt_back_end.Core\vnvt_back_end.Core.csproj", "{B6DF060C-E62D-F1EF-2FE0-ED6B89864FF0}"
EndProject
Project("{FAE04EC0-301F-11D3-BF4B-00C04F79EFBC}") = "vnvt_back_end.Domain", "src\vnvt_back_end.Domain\vnvt_back_end.Domain.csproj", "{7B30FFCE-E058-FCDF-9AE8-6082C7B996AF}"
EndProject
Project("{FAE04EC0-301F-11D3-BF4B-00C04F79EFBC}") = "vnvt_back_end.Infrastructure", "src\vnvt_back_end.Infrastructure\vnvt_back_end.Infrastructure.csproj", "{2C5DEE60-713B-0A00-0093-ACFC750169AF}"
EndProject
Project("{FAE04EC0-301F-11D3-BF4B-00C04F79EFBC}") = "vnvt_back_end.Tests", "src\vnvt_back_end.Tests\vnvt_back_end.Tests.csproj", "{7FC5DE42-91DA-283D-69E7-7B2B66529F8C}"
EndProject
Global
	GlobalSection(SolutionConfigurationPlatforms) = preSolution
		Debug|Any CPU = Debug|Any CPU
		Release|Any CPU = Release|Any CPU
	EndGlobalSection
	GlobalSection(ProjectConfigurationPlatforms) = postSolution
		{6894CE9C-A6C5-013B-2B76-FA15D3610475}.Debug|Any CPU.ActiveCfg = Debug|Any CPU
		{6894CE9C-A6C5-013B-2B76-FA15D3610475}.Debug|Any CPU.Build.0 = Debug|Any CPU
		{6894CE9C-A6C5-013B-2B76-FA15D3610475}.Release|Any CPU.ActiveCfg = Release|Any CPU
		{6894CE9C-A6C5-013B-2B76-FA15D3610475}.Release|Any CPU.Build.0 = Release|Any CPU
		{4734A4CE-9883-A67E-0A49-9466097CA10B}.Debug|Any CPU.ActiveCfg = Debug|Any CPU
		{4734A4CE-9883-A67E-0A49-9466097CA10B}.Debug|Any CPU.Build.0 = Debug|Any CPU
		{4734A4CE-9883-A67E-0A49-9466097CA10B}.Release|Any CPU.ActiveCfg = Release|Any CPU
		{4734A4CE-9883-A67E-0A49-9466097CA10B}.Release|Any CPU.Build.0 = Release|Any CPU
		{B6DF060C-E62D-F1EF-2FE0-ED6B89864FF0}.Debug|Any CPU.ActiveCfg = Debug|Any CPU
		{B6DF060C-E62D-F1EF-2FE0-ED6B89864FF0}.Debug|Any CPU.Build.0 = Debug|Any CPU
		{B6DF060C-E62D-F1EF-2FE0-ED6B89864FF0}.Release|Any CPU.ActiveCfg = Release|Any CPU
		{B6DF060C-E62D-F1EF-2FE0-ED6B89864FF0}.Release|Any CPU.Build.0 = Release|Any CPU
		{7B30FFCE-E058-FCDF-9AE8-6082C7B996AF}.Debug|Any CPU.ActiveCfg = Debug|Any CPU
		{7B30FFCE-E058-FCDF-9AE8-6082C7B996AF}.Debug|Any CPU.Build.0 = Debug|Any CPU
		{7B30FFCE-E058-FCDF-9AE8-6082C7B996AF}.Release|Any CPU.ActiveCfg = Release|Any CPU
		{7B30FFCE-E058-FCDF-9AE8-6082C7B996AF}.Release|Any CPU.Build.0 = Release|Any CPU
		{2C5DEE60-713B-0A00-0093-ACFC750169AF}.Debug|Any CPU.ActiveCfg = Debug|Any CPU
		{2C5DEE60-713B-0A00-0093-ACFC750169AF}.Debug|Any CPU.Build.0 = Debug|Any CPU
		{2C5DEE60-713B-0A00-0093-ACFC750169AF}.Release|Any CPU.ActiveCfg = Release|Any CPU
		{2C5DEE60-713B-0A00-0093-ACFC750169AF}.Release|Any CPU.Build.0 = Release|Any CPU
		{7FC5DE42-91DA-283D-69E7-7B2B66529F8C}.Debug|Any CPU.ActiveCfg = Debug|Any CPU
		{7FC5DE42-91DA-283D-69E7-7B2B66529F8C}.Debug|Any CPU.Build.0 = Debug|Any CPU
		{7FC5DE42-91DA-283D-69E7-7B2B66529F8C}.Release|Any CPU.ActiveCfg = Release|Any CPU
		{7FC5DE42-91DA-283D-69E7-7B2B66529F8C}.Release|Any CPU.Build.0 = Release|Any CPU
	EndGlobalSection
	GlobalSection(SolutionProperties) = preSolution
		HideSolutionNode = FALSE
	EndGlobalSection
	GlobalSection(ExtensibilityGlobals) = postSolution
		SolutionGuid = {4F7336B2-7EBF-453C-A85C-34A5EAC91200}
	EndGlobalSection
EndGlobal
