
Microsoft Visual Studio Solution File, Format Version 12.00
# Visual Studio Version 17
VisualStudioVersion = 17.10.35027.167
MinimumVisualStudioVersion = 10.0.40219.1
Project("{9A19103F-16F7-4668-BE54-9A1E7A4F7556}") = "vnvt-back-end.API", "src\vnvt-back-end.API\vnvt-back-end.API.csproj", "{0629F8D9-8735-4B93-B8E1-7FBEF7173E0A}"
EndProject
Project("{9A19103F-16F7-4668-BE54-9A1E7A4F7556}") = "vnvt-back-end.Application", "src\vnvt-back-end.Application\vnvt-back-end.Application.csproj", "{7B9BCFCA-6898-4A80-BD3F-9956578F99EC}"
EndProject
Project("{9A19103F-16F7-4668-BE54-9A1E7A4F7556}") = "vnvt-back-end.Domain", "src\vnvt-back-end.Domain\vnvt-back-end.Domain.csproj", "{EABA3278-E2C8-41DA-A9E0-52A221903810}"
EndProject
Project("{9A19103F-16F7-4668-BE54-9A1E7A4F7556}") = "vnvt-back-end.Infrastructure", "src\vnvt-back-end.Infrastructure\vnvt-back-end.Infrastructure.csproj", "{B7304248-698D-4A4F-85EE-F52ADFCDA25A}"
EndProject
Project("{9A19103F-16F7-4668-BE54-9A1E7A4F7556}") = "vnvt-back-end.Tests", "src\vnvt-back-end.Tests\vnvt-back-end.Tests.csproj", "{3DA08A7D-75B1-432F-9AF5-97C0A069137E}"
EndProject
Project("{FAE04EC0-301F-11D3-BF4B-00C04F79EFBC}") = "vnvt-back-end.Core", "src\vnvt-back-end.Core\vnvt-back-end.Core.csproj", "{4F261A5B-55FE-DACA-4AE5-3D651D7E013F}"
EndProject
Global
	GlobalSection(SolutionConfigurationPlatforms) = preSolution
		Debug|Any CPU = Debug|Any CPU
		Release|Any CPU = Release|Any CPU
	EndGlobalSection
	GlobalSection(ProjectConfigurationPlatforms) = postSolution
		{0629F8D9-8735-4B93-B8E1-7FBEF7173E0A}.Debug|Any CPU.ActiveCfg = Debug|Any CPU
		{0629F8D9-8735-4B93-B8E1-7FBEF7173E0A}.Debug|Any CPU.Build.0 = Debug|Any CPU
		{0629F8D9-8735-4B93-B8E1-7FBEF7173E0A}.Release|Any CPU.ActiveCfg = Release|Any CPU
		{0629F8D9-8735-4B93-B8E1-7FBEF7173E0A}.Release|Any CPU.Build.0 = Release|Any CPU
		{7B9BCFCA-6898-4A80-BD3F-9956578F99EC}.Debug|Any CPU.ActiveCfg = Debug|Any CPU
		{7B9BCFCA-6898-4A80-BD3F-9956578F99EC}.Debug|Any CPU.Build.0 = Debug|Any CPU
		{7B9BCFCA-6898-4A80-BD3F-9956578F99EC}.Release|Any CPU.ActiveCfg = Release|Any CPU
		{7B9BCFCA-6898-4A80-BD3F-9956578F99EC}.Release|Any CPU.Build.0 = Release|Any CPU
		{EABA3278-E2C8-41DA-A9E0-52A221903810}.Debug|Any CPU.ActiveCfg = Debug|Any CPU
		{EABA3278-E2C8-41DA-A9E0-52A221903810}.Debug|Any CPU.Build.0 = Debug|Any CPU
		{EABA3278-E2C8-41DA-A9E0-52A221903810}.Release|Any CPU.ActiveCfg = Release|Any CPU
		{EABA3278-E2C8-41DA-A9E0-52A221903810}.Release|Any CPU.Build.0 = Release|Any CPU
		{B7304248-698D-4A4F-85EE-F52ADFCDA25A}.Debug|Any CPU.ActiveCfg = Debug|Any CPU
		{B7304248-698D-4A4F-85EE-F52ADFCDA25A}.Debug|Any CPU.Build.0 = Debug|Any CPU
		{B7304248-698D-4A4F-85EE-F52ADFCDA25A}.Release|Any CPU.ActiveCfg = Release|Any CPU
		{B7304248-698D-4A4F-85EE-F52ADFCDA25A}.Release|Any CPU.Build.0 = Release|Any CPU
		{3DA08A7D-75B1-432F-9AF5-97C0A069137E}.Debug|Any CPU.ActiveCfg = Debug|Any CPU
		{3DA08A7D-75B1-432F-9AF5-97C0A069137E}.Debug|Any CPU.Build.0 = Debug|Any CPU
		{3DA08A7D-75B1-432F-9AF5-97C0A069137E}.Release|Any CPU.ActiveCfg = Release|Any CPU
		{3DA08A7D-75B1-432F-9AF5-97C0A069137E}.Release|Any CPU.Build.0 = Release|Any CPU
		{4F261A5B-55FE-DACA-4AE5-3D651D7E013F}.Debug|Any CPU.ActiveCfg = Debug|Any CPU
		{4F261A5B-55FE-DACA-4AE5-3D651D7E013F}.Debug|Any CPU.Build.0 = Debug|Any CPU
		{4F261A5B-55FE-DACA-4AE5-3D651D7E013F}.Release|Any CPU.ActiveCfg = Release|Any CPU
		{4F261A5B-55FE-DACA-4AE5-3D651D7E013F}.Release|Any CPU.Build.0 = Release|Any CPU
	EndGlobalSection
	GlobalSection(SolutionProperties) = preSolution
		HideSolutionNode = FALSE
	EndGlobalSection
	GlobalSection(ExtensibilityGlobals) = postSolution
		SolutionGuid = {4F7336B2-7EBF-453C-A85C-34A5EAC91200}
	EndGlobalSection
EndGlobal
